// !$*UTF8*$!
{
	archiveVersion = 1;
	classes = {
	};
	objectVersion = 56;
	objects = {

/* Begin PBXBuildFile section */
		174FF0402C7EE88800EE809C /* AppDelegate.swift in Sources */ = {isa = PBXBuildFile; fileRef = 174FF03F2C7EE88800EE809C /* AppDelegate.swift */; };
		174FF0422C7EE88800EE809C /* SceneDelegate.swift in Sources */ = {isa = PBXBuildFile; fileRef = 174FF0412C7EE88800EE809C /* SceneDelegate.swift */; };
		174FF0442C7EE88800EE809C /* ViewController.swift in Sources */ = {isa = PBXBuildFile; fileRef = 174FF0432C7EE88800EE809C /* ViewController.swift */; };
		174FF0472C7EE88800EE809C /* Base in Resources */ = {isa = PBXBuildFile; fileRef = 174FF0462C7EE88800EE809C /* Base */; };
		174FF0492C7EE88900EE809C /* Assets.xcassets in Resources */ = {isa = PBXBuildFile; fileRef = 174FF0482C7EE88900EE809C /* Assets.xcassets */; };
		174FF04C2C7EE88900EE809C /* Base in Resources */ = {isa = PBXBuildFile; fileRef = 174FF04B2C7EE88900EE809C /* Base */; };
		174FF0552C7EEDB000EE809C /* SimulatBeacon.swift in Sources */ = {isa = PBXBuildFile; fileRef = 174FF0542C7EEDB000EE809C /* SimulatBeacon.swift */; };
		174FF0572C7F242C00EE809C /* ToastView.swift in Sources */ = {isa = PBXBuildFile; fileRef = 174FF0562C7F242C00EE809C /* ToastView.swift */; };
		17D8CAE82C8092550053CDBE /* SampleView.m in Sources */ = {isa = PBXBuildFile; fileRef = 17D8CAE72C8092550053CDBE /* SampleView.m */; };
		17D8CAFF2C80932D0053CDBE /* RNLBeacon+Distance.m in Sources */ = {isa = PBXBuildFile; fileRef = 17D8CAEF2C80932C0053CDBE /* RNLBeacon+Distance.m */; };
		17D8CB002C80932D0053CDBE /* RNLBeaconTracker.m in Sources */ = {isa = PBXBuildFile; fileRef = 17D8CAF02C80932C0053CDBE /* RNLBeaconTracker.m */; };
		17D8CB012C80932D0053CDBE /* RNLBeacon.m in Sources */ = {isa = PBXBuildFile; fileRef = 17D8CAF12C80932C0053CDBE /* RNLBeacon.m */; };
		17D8CB022C80932D0053CDBE /* RNLLocationTracker.m in Sources */ = {isa = PBXBuildFile; fileRef = 17D8CAF22C80932C0053CDBE /* RNLLocationTracker.m */; };
		17D8CB032C80932D0053CDBE /* RNLBeaconScanner.m in Sources */ = {isa = PBXBuildFile; fileRef = 17D8CAF62C80932C0053CDBE /* RNLBeaconScanner.m */; };
		17D8CB042C80932D0053CDBE /* RNLBeaconParser.m in Sources */ = {isa = PBXBuildFile; fileRef = 17D8CAFB2C80932D0053CDBE /* RNLBeaconParser.m */; };
		17D8CB052C80932D0053CDBE /* RNLSignalMeasurement.m in Sources */ = {isa = PBXBuildFile; fileRef = 17D8CAFC2C80932D0053CDBE /* RNLSignalMeasurement.m */; };
		17D8CB062C80932D0053CDBE /* RNLURLBeaconCompressor.m in Sources */ = {isa = PBXBuildFile; fileRef = 17D8CAFE2C80932D0053CDBE /* RNLURLBeaconCompressor.m */; };
/* End PBXBuildFile section */

/* Begin PBXFileReference section */
		174FF03C2C7EE88800EE809C /* BroadcastReceiverBeacon.app */ = {isa = PBXFileReference; explicitFileType = wrapper.application; includeInIndex = 0; path = BroadcastReceiverBeacon.app; sourceTree = BUILT_PRODUCTS_DIR; };
		174FF03F2C7EE88800EE809C /* AppDelegate.swift */ = {isa = PBXFileReference; lastKnownFileType = sourcecode.swift; path = AppDelegate.swift; sourceTree = "<group>"; };
		174FF0412C7EE88800EE809C /* SceneDelegate.swift */ = {isa = PBXFileReference; lastKnownFileType = sourcecode.swift; path = SceneDelegate.swift; sourceTree = "<group>"; };
		174FF0432C7EE88800EE809C /* ViewController.swift */ = {isa = PBXFileReference; lastKnownFileType = sourcecode.swift; path = ViewController.swift; sourceTree = "<group>"; };
		174FF0462C7EE88800EE809C /* Base */ = {isa = PBXFileReference; lastKnownFileType = file.storyboard; name = Base; path = Base.lproj/Main.storyboard; sourceTree = "<group>"; };
		174FF0482C7EE88900EE809C /* Assets.xcassets */ = {isa = PBXFileReference; lastKnownFileType = folder.assetcatalog; path = Assets.xcassets; sourceTree = "<group>"; };
		174FF04B2C7EE88900EE809C /* Base */ = {isa = PBXFileReference; lastKnownFileType = file.storyboard; name = Base; path = Base.lproj/LaunchScreen.storyboard; sourceTree = "<group>"; };
		174FF04D2C7EE88900EE809C /* Info.plist */ = {isa = PBXFileReference; lastKnownFileType = text.plist.xml; path = Info.plist; sourceTree = "<group>"; };
		174FF0542C7EEDB000EE809C /* SimulatBeacon.swift */ = {isa = PBXFileReference; lastKnownFileType = sourcecode.swift; path = SimulatBeacon.swift; sourceTree = "<group>"; };
		174FF0562C7F242C00EE809C /* ToastView.swift */ = {isa = PBXFileReference; lastKnownFileType = sourcecode.swift; path = ToastView.swift; sourceTree = "<group>"; };
		17D8CAE52C8092550053CDBE /* BroadcastReceiverBeacon-Bridging-Header.h */ = {isa = PBXFileReference; lastKnownFileType = sourcecode.c.h; path = "BroadcastReceiverBeacon-Bridging-Header.h"; sourceTree = "<group>"; };
		17D8CAE62C8092550053CDBE /* SampleView.h */ = {isa = PBXFileReference; lastKnownFileType = sourcecode.c.h; path = SampleView.h; sourceTree = "<group>"; };
		17D8CAE72C8092550053CDBE /* SampleView.m */ = {isa = PBXFileReference; lastKnownFileType = sourcecode.c.objc; path = SampleView.m; sourceTree = "<group>"; };
		17D8CAEF2C80932C0053CDBE /* RNLBeacon+Distance.m */ = {isa = PBXFileReference; fileEncoding = 4; lastKnownFileType = sourcecode.c.objc; path = "RNLBeacon+Distance.m"; sourceTree = "<group>"; };
		17D8CAF02C80932C0053CDBE /* RNLBeaconTracker.m */ = {isa = PBXFileReference; fileEncoding = 4; lastKnownFileType = sourcecode.c.objc; path = RNLBeaconTracker.m; sourceTree = "<group>"; };
		17D8CAF12C80932C0053CDBE /* RNLBeacon.m */ = {isa = PBXFileReference; fileEncoding = 4; lastKnownFileType = sourcecode.c.objc; path = RNLBeacon.m; sourceTree = "<group>"; };
		17D8CAF22C80932C0053CDBE /* RNLLocationTracker.m */ = {isa = PBXFileReference; fileEncoding = 4; lastKnownFileType = sourcecode.c.objc; path = RNLLocationTracker.m; sourceTree = "<group>"; };
		17D8CAF32C80932C0053CDBE /* RNLSignalMeasurement.h */ = {isa = PBXFileReference; fileEncoding = 4; lastKnownFileType = sourcecode.c.h; path = RNLSignalMeasurement.h; sourceTree = "<group>"; };
		17D8CAF42C80932C0053CDBE /* RNLBeaconScanner.h */ = {isa = PBXFileReference; fileEncoding = 4; lastKnownFileType = sourcecode.c.h; path = RNLBeaconScanner.h; sourceTree = "<group>"; };
		17D8CAF52C80932C0053CDBE /* RNLBeaconParser.h */ = {isa = PBXFileReference; fileEncoding = 4; lastKnownFileType = sourcecode.c.h; path = RNLBeaconParser.h; sourceTree = "<group>"; };
		17D8CAF62C80932C0053CDBE /* RNLBeaconScanner.m */ = {isa = PBXFileReference; fileEncoding = 4; lastKnownFileType = sourcecode.c.objc; path = RNLBeaconScanner.m; sourceTree = "<group>"; };
		17D8CAF72C80932C0053CDBE /* RNLBeaconTracker.h */ = {isa = PBXFileReference; fileEncoding = 4; lastKnownFileType = sourcecode.c.h; path = RNLBeaconTracker.h; sourceTree = "<group>"; };
		17D8CAF82C80932C0053CDBE /* RNLBeacon.h */ = {isa = PBXFileReference; fileEncoding = 4; lastKnownFileType = sourcecode.c.h; path = RNLBeacon.h; sourceTree = "<group>"; };
		17D8CAF92C80932D0053CDBE /* RNLLocationTracker.h */ = {isa = PBXFileReference; fileEncoding = 4; lastKnownFileType = sourcecode.c.h; path = RNLLocationTracker.h; sourceTree = "<group>"; };
		17D8CAFA2C80932D0053CDBE /* RNLBeacon+Distance.h */ = {isa = PBXFileReference; fileEncoding = 4; lastKnownFileType = sourcecode.c.h; path = "RNLBeacon+Distance.h"; sourceTree = "<group>"; };
		17D8CAFB2C80932D0053CDBE /* RNLBeaconParser.m */ = {isa = PBXFileReference; fileEncoding = 4; lastKnownFileType = sourcecode.c.objc; path = RNLBeaconParser.m; sourceTree = "<group>"; };
		17D8CAFC2C80932D0053CDBE /* RNLSignalMeasurement.m */ = {isa = PBXFileReference; fileEncoding = 4; lastKnownFileType = sourcecode.c.objc; path = RNLSignalMeasurement.m; sourceTree = "<group>"; };
		17D8CAFD2C80932D0053CDBE /* RNLURLBeaconCompressor.h */ = {isa = PBXFileReference; fileEncoding = 4; lastKnownFileType = sourcecode.c.h; path = RNLURLBeaconCompressor.h; sourceTree = "<group>"; };
		17D8CAFE2C80932D0053CDBE /* RNLURLBeaconCompressor.m */ = {isa = PBXFileReference; fileEncoding = 4; lastKnownFileType = sourcecode.c.objc; path = RNLURLBeaconCompressor.m; sourceTree = "<group>"; };
/* End PBXFileReference section */

/* Begin PBXFrameworksBuildPhase section */
		174FF0392C7EE88800EE809C /* Frameworks */ = {
			isa = PBXFrameworksBuildPhase;
			buildActionMask = 2147483647;
			files = (
			);
			runOnlyForDeploymentPostprocessing = 0;
		};
/* End PBXFrameworksBuildPhase section */

/* Begin PBXGroup section */
		174FF0332C7EE88800EE809C = {
			isa = PBXGroup;
			children = (
				174FF03E2C7EE88800EE809C /* BroadcastReceiverBeacon */,
				174FF03D2C7EE88800EE809C /* Products */,
			);
			sourceTree = "<group>";
		};
		174FF03D2C7EE88800EE809C /* Products */ = {
			isa = PBXGroup;
			children = (
				174FF03C2C7EE88800EE809C /* BroadcastReceiverBeacon.app */,
			);
			name = Products;
			sourceTree = "<group>";
		};
		174FF03E2C7EE88800EE809C /* BroadcastReceiverBeacon */ = {
			isa = PBXGroup;
			children = (
				17D8CAEE2C8092D10053CDBE /* AltBeaconFiles */,
				174FF04D2C7EE88900EE809C /* Info.plist */,
				17D8CAE52C8092550053CDBE /* BroadcastReceiverBeacon-Bridging-Header.h */,
				17D8CAED2C8092920053CDBE /* Assets */,
				17D8CAEC2C80928A0053CDBE /* View */,
				17D8CAEB2C8092770053CDBE /* SampleOBJC */,
				17D8CAEA2C80926E0053CDBE /* AppDelegate */,
				17D8CAE92C8092660053CDBE /* ViewController */,
				174FF0532C7EEDA400EE809C /* BeaconEmittor */,
				174FF0412C7EE88800EE809C /* SceneDelegate.swift */,
			);
			path = BroadcastReceiverBeacon;
			sourceTree = "<group>";
		};
		174FF0532C7EEDA400EE809C /* BeaconEmittor */ = {
			isa = PBXGroup;
			children = (
				174FF0542C7EEDB000EE809C /* SimulatBeacon.swift */,
				174FF0562C7F242C00EE809C /* ToastView.swift */,
			);
			path = BeaconEmittor;
			sourceTree = "<group>";
		};
		17D8CAE92C8092660053CDBE /* ViewController */ = {
			isa = PBXGroup;
			children = (
				174FF0432C7EE88800EE809C /* ViewController.swift */,
			);
			path = ViewController;
			sourceTree = "<group>";
		};
		17D8CAEA2C80926E0053CDBE /* AppDelegate */ = {
			isa = PBXGroup;
			children = (
				174FF03F2C7EE88800EE809C /* AppDelegate.swift */,
			);
			path = AppDelegate;
			sourceTree = "<group>";
		};
		17D8CAEB2C8092770053CDBE /* SampleOBJC */ = {
			isa = PBXGroup;
			children = (
				17D8CAE62C8092550053CDBE /* SampleView.h */,
				17D8CAE72C8092550053CDBE /* SampleView.m */,
			);
			path = SampleOBJC;
			sourceTree = "<group>";
		};
		17D8CAEC2C80928A0053CDBE /* View */ = {
			isa = PBXGroup;
			children = (
				174FF0452C7EE88800EE809C /* Main.storyboard */,
				174FF04A2C7EE88900EE809C /* LaunchScreen.storyboard */,
			);
			path = View;
			sourceTree = "<group>";
		};
		17D8CAED2C8092920053CDBE /* Assets */ = {
			isa = PBXGroup;
			children = (
				174FF0482C7EE88900EE809C /* Assets.xcassets */,
			);
			path = Assets;
			sourceTree = "<group>";
		};
		17D8CAEE2C8092D10053CDBE /* AltBeaconFiles */ = {
			isa = PBXGroup;
			children = (
				17D8CAF82C80932C0053CDBE /* RNLBeacon.h */,
				17D8CAF12C80932C0053CDBE /* RNLBeacon.m */,
				17D8CAFA2C80932D0053CDBE /* RNLBeacon+Distance.h */,
				17D8CAEF2C80932C0053CDBE /* RNLBeacon+Distance.m */,
				17D8CAF52C80932C0053CDBE /* RNLBeaconParser.h */,
				17D8CAFB2C80932D0053CDBE /* RNLBeaconParser.m */,
				17D8CAF42C80932C0053CDBE /* RNLBeaconScanner.h */,
				17D8CAF62C80932C0053CDBE /* RNLBeaconScanner.m */,
				17D8CAF72C80932C0053CDBE /* RNLBeaconTracker.h */,
				17D8CAF02C80932C0053CDBE /* RNLBeaconTracker.m */,
				17D8CAF92C80932D0053CDBE /* RNLLocationTracker.h */,
				17D8CAF22C80932C0053CDBE /* RNLLocationTracker.m */,
				17D8CAF32C80932C0053CDBE /* RNLSignalMeasurement.h */,
				17D8CAFC2C80932D0053CDBE /* RNLSignalMeasurement.m */,
				17D8CAFD2C80932D0053CDBE /* RNLURLBeaconCompressor.h */,
				17D8CAFE2C80932D0053CDBE /* RNLURLBeaconCompressor.m */,
			);
			path = AltBeaconFiles;
			sourceTree = "<group>";
		};
/* End PBXGroup section */

/* Begin PBXNativeTarget section */
		174FF03B2C7EE88800EE809C /* BroadcastReceiverBeacon */ = {
			isa = PBXNativeTarget;
			buildConfigurationList = 174FF0502C7EE88900EE809C /* Build configuration list for PBXNativeTarget "BroadcastReceiverBeacon" */;
			buildPhases = (
				174FF0382C7EE88800EE809C /* Sources */,
				174FF0392C7EE88800EE809C /* Frameworks */,
				174FF03A2C7EE88800EE809C /* Resources */,
			);
			buildRules = (
			);
			dependencies = (
			);
			name = BroadcastReceiverBeacon;
			productName = BroadcastReceiverBeacon;
			productReference = 174FF03C2C7EE88800EE809C /* BroadcastReceiverBeacon.app */;
			productType = "com.apple.product-type.application";
		};
/* End PBXNativeTarget section */

/* Begin PBXProject section */
		174FF0342C7EE88800EE809C /* Project object */ = {
			isa = PBXProject;
			attributes = {
				BuildIndependentTargetsInParallel = 1;
				LastSwiftUpdateCheck = 1530;
				LastUpgradeCheck = 1530;
				TargetAttributes = {
					174FF03B2C7EE88800EE809C = {
						CreatedOnToolsVersion = 15.3;
						LastSwiftMigration = 1530;
					};
				};
			};
			buildConfigurationList = 174FF0372C7EE88800EE809C /* Build configuration list for PBXProject "BroadcastReceiverBeacon" */;
			compatibilityVersion = "Xcode 14.0";
			developmentRegion = en;
			hasScannedForEncodings = 0;
			knownRegions = (
				en,
				Base,
			);
			mainGroup = 174FF0332C7EE88800EE809C;
			productRefGroup = 174FF03D2C7EE88800EE809C /* Products */;
			projectDirPath = "";
			projectRoot = "";
			targets = (
				174FF03B2C7EE88800EE809C /* BroadcastReceiverBeacon */,
			);
		};
/* End PBXProject section */

/* Begin PBXResourcesBuildPhase section */
		174FF03A2C7EE88800EE809C /* Resources */ = {
			isa = PBXResourcesBuildPhase;
			buildActionMask = 2147483647;
			files = (
				174FF0492C7EE88900EE809C /* Assets.xcassets in Resources */,
				174FF04C2C7EE88900EE809C /* Base in Resources */,
				174FF0472C7EE88800EE809C /* Base in Resources */,
			);
			runOnlyForDeploymentPostprocessing = 0;
		};
/* End PBXResourcesBuildPhase section */

/* Begin PBXSourcesBuildPhase section */
		174FF0382C7EE88800EE809C /* Sources */ = {
			isa = PBXSourcesBuildPhase;
			buildActionMask = 2147483647;
			files = (
				17D8CB022C80932D0053CDBE /* RNLLocationTracker.m in Sources */,
				17D8CB032C80932D0053CDBE /* RNLBeaconScanner.m in Sources */,
				17D8CB012C80932D0053CDBE /* RNLBeacon.m in Sources */,
				174FF0442C7EE88800EE809C /* ViewController.swift in Sources */,
				174FF0552C7EEDB000EE809C /* SimulatBeacon.swift in Sources */,
				17D8CB062C80932D0053CDBE /* RNLURLBeaconCompressor.m in Sources */,
				17D8CB052C80932D0053CDBE /* RNLSignalMeasurement.m in Sources */,
				17D8CB042C80932D0053CDBE /* RNLBeaconParser.m in Sources */,
				174FF0402C7EE88800EE809C /* AppDelegate.swift in Sources */,
				174FF0422C7EE88800EE809C /* SceneDelegate.swift in Sources */,
				17D8CAE82C8092550053CDBE /* SampleView.m in Sources */,
				17D8CB002C80932D0053CDBE /* RNLBeaconTracker.m in Sources */,
				174FF0572C7F242C00EE809C /* ToastView.swift in Sources */,
				17D8CAFF2C80932D0053CDBE /* RNLBeacon+Distance.m in Sources */,
			);
			runOnlyForDeploymentPostprocessing = 0;
		};
/* End PBXSourcesBuildPhase section */

/* Begin PBXVariantGroup section */
		174FF0452C7EE88800EE809C /* Main.storyboard */ = {
			isa = PBXVariantGroup;
			children = (
				174FF0462C7EE88800EE809C /* Base */,
			);
			name = Main.storyboard;
			sourceTree = "<group>";
		};
		174FF04A2C7EE88900EE809C /* LaunchScreen.storyboard */ = {
			isa = PBXVariantGroup;
			children = (
				174FF04B2C7EE88900EE809C /* Base */,
			);
			name = LaunchScreen.storyboard;
			sourceTree = "<group>";
		};
/* End PBXVariantGroup section */

/* Begin XCBuildConfiguration section */
		174FF04E2C7EE88900EE809C /* Debug */ = {
			isa = XCBuildConfiguration;
			buildSettings = {
				ALWAYS_SEARCH_USER_PATHS = NO;
				ASSETCATALOG_COMPILER_GENERATE_SWIFT_ASSET_SYMBOL_EXTENSIONS = YES;
				CLANG_ANALYZER_NONNULL = YES;
				CLANG_ANALYZER_NUMBER_OBJECT_CONVERSION = YES_AGGRESSIVE;
				CLANG_CXX_LANGUAGE_STANDARD = "gnu++20";
				CLANG_ENABLE_MODULES = YES;
				CLANG_ENABLE_OBJC_ARC = YES;
				CLANG_ENABLE_OBJC_WEAK = YES;
				CLANG_WARN_BLOCK_CAPTURE_AUTORELEASING = YES;
				CLANG_WARN_BOOL_CONVERSION = YES;
				CLANG_WARN_COMMA = YES;
				CLANG_WARN_CONSTANT_CONVERSION = YES;
				CLANG_WARN_DEPRECATED_OBJC_IMPLEMENTATIONS = YES;
				CLANG_WARN_DIRECT_OBJC_ISA_USAGE = YES_ERROR;
				CLANG_WARN_DOCUMENTATION_COMMENTS = YES;
				CLANG_WARN_EMPTY_BODY = YES;
				CLANG_WARN_ENUM_CONVERSION = YES;
				CLANG_WARN_INFINITE_RECURSION = YES;
				CLANG_WARN_INT_CONVERSION = YES;
				CLANG_WARN_NON_LITERAL_NULL_CONVERSION = YES;
				CLANG_WARN_OBJC_IMPLICIT_RETAIN_SELF = YES;
				CLANG_WARN_OBJC_LITERAL_CONVERSION = YES;
				CLANG_WARN_OBJC_ROOT_CLASS = YES_ERROR;
				CLANG_WARN_QUOTED_INCLUDE_IN_FRAMEWORK_HEADER = YES;
				CLANG_WARN_RANGE_LOOP_ANALYSIS = YES;
				CLANG_WARN_STRICT_PROTOTYPES = YES;
				CLANG_WARN_SUSPICIOUS_MOVE = YES;
				CLANG_WARN_UNGUARDED_AVAILABILITY = YES_AGGRESSIVE;
				CLANG_WARN_UNREACHABLE_CODE = YES;
				CLANG_WARN__DUPLICATE_METHOD_MATCH = YES;
				COPY_PHASE_STRIP = NO;
				DEBUG_INFORMATION_FORMAT = dwarf;
				ENABLE_STRICT_OBJC_MSGSEND = YES;
				ENABLE_TESTABILITY = YES;
				ENABLE_USER_SCRIPT_SANDBOXING = YES;
				GCC_C_LANGUAGE_STANDARD = gnu17;
				GCC_DYNAMIC_NO_PIC = NO;
				GCC_NO_COMMON_BLOCKS = YES;
				GCC_OPTIMIZATION_LEVEL = 0;
				GCC_PREPROCESSOR_DEFINITIONS = (
					"DEBUG=1",
					"$(inherited)",
				);
				GCC_WARN_64_TO_32_BIT_CONVERSION = YES;
				GCC_WARN_ABOUT_RETURN_TYPE = YES_ERROR;
				GCC_WARN_UNDECLARED_SELECTOR = YES;
				GCC_WARN_UNINITIALIZED_AUTOS = YES_AGGRESSIVE;
				GCC_WARN_UNUSED_FUNCTION = YES;
				GCC_WARN_UNUSED_VARIABLE = YES;
				IPHONEOS_DEPLOYMENT_TARGET = 16.0;
				LOCALIZATION_PREFERS_STRING_CATALOGS = YES;
				MTL_ENABLE_DEBUG_INFO = INCLUDE_SOURCE;
				MTL_FAST_MATH = YES;
				ONLY_ACTIVE_ARCH = YES;
				SDKROOT = iphoneos;
				SWIFT_ACTIVE_COMPILATION_CONDITIONS = "DEBUG $(inherited)";
				SWIFT_OPTIMIZATION_LEVEL = "-Onone";
			};
			name = Debug;
		};
		174FF04F2C7EE88900EE809C /* Release */ = {
			isa = XCBuildConfiguration;
			buildSettings = {
				ALWAYS_SEARCH_USER_PATHS = NO;
				ASSETCATALOG_COMPILER_GENERATE_SWIFT_ASSET_SYMBOL_EXTENSIONS = YES;
				CLANG_ANALYZER_NONNULL = YES;
				CLANG_ANALYZER_NUMBER_OBJECT_CONVERSION = YES_AGGRESSIVE;
				CLANG_CXX_LANGUAGE_STANDARD = "gnu++20";
				CLANG_ENABLE_MODULES = YES;
				CLANG_ENABLE_OBJC_ARC = YES;
				CLANG_ENABLE_OBJC_WEAK = YES;
				CLANG_WARN_BLOCK_CAPTURE_AUTORELEASING = YES;
				CLANG_WARN_BOOL_CONVERSION = YES;
				CLANG_WARN_COMMA = YES;
				CLANG_WARN_CONSTANT_CONVERSION = YES;
				CLANG_WARN_DEPRECATED_OBJC_IMPLEMENTATIONS = YES;
				CLANG_WARN_DIRECT_OBJC_ISA_USAGE = YES_ERROR;
				CLANG_WARN_DOCUMENTATION_COMMENTS = YES;
				CLANG_WARN_EMPTY_BODY = YES;
				CLANG_WARN_ENUM_CONVERSION = YES;
				CLANG_WARN_INFINITE_RECURSION = YES;
				CLANG_WARN_INT_CONVERSION = YES;
				CLANG_WARN_NON_LITERAL_NULL_CONVERSION = YES;
				CLANG_WARN_OBJC_IMPLICIT_RETAIN_SELF = YES;
				CLANG_WARN_OBJC_LITERAL_CONVERSION = YES;
				CLANG_WARN_OBJC_ROOT_CLASS = YES_ERROR;
				CLANG_WARN_QUOTED_INCLUDE_IN_FRAMEWORK_HEADER = YES;
				CLANG_WARN_RANGE_LOOP_ANALYSIS = YES;
				CLANG_WARN_STRICT_PROTOTYPES = YES;
				CLANG_WARN_SUSPICIOUS_MOVE = YES;
				CLANG_WARN_UNGUARDED_AVAILABILITY = YES_AGGRESSIVE;
				CLANG_WARN_UNREACHABLE_CODE = YES;
				CLANG_WARN__DUPLICATE_METHOD_MATCH = YES;
				COPY_PHASE_STRIP = NO;
				DEBUG_INFORMATION_FORMAT = "dwarf-with-dsym";
				ENABLE_NS_ASSERTIONS = NO;
				ENABLE_STRICT_OBJC_MSGSEND = YES;
				ENABLE_USER_SCRIPT_SANDBOXING = YES;
				GCC_C_LANGUAGE_STANDARD = gnu17;
				GCC_NO_COMMON_BLOCKS = YES;
				GCC_WARN_64_TO_32_BIT_CONVERSION = YES;
				GCC_WARN_ABOUT_RETURN_TYPE = YES_ERROR;
				GCC_WARN_UNDECLARED_SELECTOR = YES;
				GCC_WARN_UNINITIALIZED_AUTOS = YES_AGGRESSIVE;
				GCC_WARN_UNUSED_FUNCTION = YES;
				GCC_WARN_UNUSED_VARIABLE = YES;
				IPHONEOS_DEPLOYMENT_TARGET = 16.0;
				LOCALIZATION_PREFERS_STRING_CATALOGS = YES;
				MTL_ENABLE_DEBUG_INFO = NO;
				MTL_FAST_MATH = YES;
				SDKROOT = iphoneos;
				SWIFT_COMPILATION_MODE = wholemodule;
				VALIDATE_PRODUCT = YES;
			};
			name = Release;
		};
		174FF0512C7EE88900EE809C /* Debug */ = {
			isa = XCBuildConfiguration;
			buildSettings = {
				ASSETCATALOG_COMPILER_APPICON_NAME = AppIcon;
				ASSETCATALOG_COMPILER_GLOBAL_ACCENT_COLOR_NAME = AccentColor;
				CLANG_ENABLE_MODULES = YES;
				CODE_SIGN_STYLE = Automatic;
				CURRENT_PROJECT_VERSION = 1;
				DEVELOPMENT_TEAM = 6369563V2L;
				GENERATE_INFOPLIST_FILE = YES;
				INFOPLIST_FILE = BroadcastReceiverBeacon/Info.plist;
				INFOPLIST_KEY_CFBundleDisplayName = "BBA App";
				INFOPLIST_KEY_NSBluetoothAlwaysUsageDescription = "To communicate with near by Devices using BLE ";
				INFOPLIST_KEY_NSBluetoothPeripheralUsageDescription = "To communicate with near by Devices using BLE ";
				INFOPLIST_KEY_NSLocationAlwaysAndWhenInUseUsageDescription = "To communicate with near by Devices using BLE ";
				INFOPLIST_KEY_NSLocationAlwaysUsageDescription = "To communicate with near by Devices using BLE ";
				INFOPLIST_KEY_NSLocationUsageDescription = "To communicate with near by Devices using BLE ";
				INFOPLIST_KEY_NSLocationWhenInUseUsageDescription = "To communicate with near by Devices using BLE ";
				INFOPLIST_KEY_UIApplicationSupportsIndirectInputEvents = YES;
				INFOPLIST_KEY_UILaunchStoryboardName = LaunchScreen;
				INFOPLIST_KEY_UIMainStoryboardFile = Main;
				INFOPLIST_KEY_UISupportedInterfaceOrientations_iPad = "UIInterfaceOrientationPortrait UIInterfaceOrientationPortraitUpsideDown UIInterfaceOrientationLandscapeLeft UIInterfaceOrientationLandscapeRight";
				INFOPLIST_KEY_UISupportedInterfaceOrientations_iPhone = "UIInterfaceOrientationPortrait UIInterfaceOrientationLandscapeLeft UIInterfaceOrientationLandscapeRight";
				IPHONEOS_DEPLOYMENT_TARGET = 16.0;
				LD_RUNPATH_SEARCH_PATHS = (
					"$(inherited)",
					"@executable_path/Frameworks",
				);
				MARKETING_VERSION = 1.0;
				PRODUCT_BUNDLE_IDENTIFIER = com.anand.ios.bbssapp;
				PRODUCT_NAME = "$(TARGET_NAME)";
				SWIFT_EMIT_LOC_STRINGS = YES;
				SWIFT_OBJC_BRIDGING_HEADER = "BroadcastReceiverBeacon/BroadcastReceiverBeacon-Bridging-Header.h";
				SWIFT_OPTIMIZATION_LEVEL = "-Onone";
				SWIFT_VERSION = 5.0;
				TARGETED_DEVICE_FAMILY = "1,2";
			};
			name = Debug;
		};
		174FF0522C7EE88900EE809C /* Release */ = {
			isa = XCBuildConfiguration;
			buildSettings = {
				ASSETCATALOG_COMPILER_APPICON_NAME = AppIcon;
				ASSETCATALOG_COMPILER_GLOBAL_ACCENT_COLOR_NAME = AccentColor;
				CLANG_ENABLE_MODULES = YES;
				CODE_SIGN_STYLE = Automatic;
				CURRENT_PROJECT_VERSION = 1;
				DEVELOPMENT_TEAM = 6369563V2L;
				GENERATE_INFOPLIST_FILE = YES;
				INFOPLIST_FILE = BroadcastReceiverBeacon/Info.plist;
				INFOPLIST_KEY_CFBundleDisplayName = "BBA App";
				INFOPLIST_KEY_NSBluetoothAlwaysUsageDescription = "To communicate with near by Devices using BLE ";
				INFOPLIST_KEY_NSBluetoothPeripheralUsageDescription = "To communicate with near by Devices using BLE ";
				INFOPLIST_KEY_NSLocationAlwaysAndWhenInUseUsageDescription = "To communicate with near by Devices using BLE ";
				INFOPLIST_KEY_NSLocationAlwaysUsageDescription = "To communicate with near by Devices using BLE ";
				INFOPLIST_KEY_NSLocationUsageDescription = "To communicate with near by Devices using BLE ";
				INFOPLIST_KEY_NSLocationWhenInUseUsageDescription = "To communicate with near by Devices using BLE ";
				INFOPLIST_KEY_UIApplicationSupportsIndirectInputEvents = YES;
				INFOPLIST_KEY_UILaunchStoryboardName = LaunchScreen;
				INFOPLIST_KEY_UIMainStoryboardFile = Main;
				INFOPLIST_KEY_UISupportedInterfaceOrientations_iPad = "UIInterfaceOrientationPortrait UIInterfaceOrientationPortraitUpsideDown UIInterfaceOrientationLandscapeLeft UIInterfaceOrientationLandscapeRight";
				INFOPLIST_KEY_UISupportedInterfaceOrientations_iPhone = "UIInterfaceOrientationPortrait UIInterfaceOrientationLandscapeLeft UIInterfaceOrientationLandscapeRight";
				IPHONEOS_DEPLOYMENT_TARGET = 16.0;
				LD_RUNPATH_SEARCH_PATHS = (
					"$(inherited)",
					"@executable_path/Frameworks",
				);
				MARKETING_VERSION = 1.0;
				PRODUCT_BUNDLE_IDENTIFIER = com.anand.ios.bbssapp;
				PRODUCT_NAME = "$(TARGET_NAME)";
				SWIFT_EMIT_LOC_STRINGS = YES;
				SWIFT_OBJC_BRIDGING_HEADER = "BroadcastReceiverBeacon/BroadcastReceiverBeacon-Bridging-Header.h";
				SWIFT_VERSION = 5.0;
				TARGETED_DEVICE_FAMILY = "1,2";
			};
			name = Release;
		};
/* End XCBuildConfiguration section */

/* Begin XCConfigurationList section */
		174FF0372C7EE88800EE809C /* Build configuration list for PBXProject "BroadcastReceiverBeacon" */ = {
			isa = XCConfigurationList;
			buildConfigurations = (
				174FF04E2C7EE88900EE809C /* Debug */,
				174FF04F2C7EE88900EE809C /* Release */,
			);
			defaultConfigurationIsVisible = 0;
			defaultConfigurationName = Release;
		};
		174FF0502C7EE88900EE809C /* Build configuration list for PBXNativeTarget "BroadcastReceiverBeacon" */ = {
			isa = XCConfigurationList;
			buildConfigurations = (
				174FF0512C7EE88900EE809C /* Debug */,
				174FF0522C7EE88900EE809C /* Release */,
			);
			defaultConfigurationIsVisible = 0;
			defaultConfigurationName = Release;
		};
/* End XCConfigurationList section */
	};
	rootObject = 174FF0342C7EE88800EE809C /* Project object */;
}
